
Microsoft Visual Studio Solution File, Format Version 12.00
# Visual Studio Version 16
VisualStudioVersion = 16.0.31205.134
MinimumVisualStudioVersion = 10.0.40219.1
Project("{2150E333-8FDC-42A3-9474-1A3956D46DE8}") = "Solution Items", "Solution Items", "{2F56C839-6517-4043-8477-DADCD9E2736A}"
	ProjectSection(SolutionItems) = preProject
		assemblyVersions.targets = assemblyVersions.targets
		Directory.Build.props = Directory.Build.props
		LICENSE.txt = LICENSE.txt
	EndProjectSection
EndProject
Project("{9A19103F-16F7-4668-BE54-9A1E7A4F7556}") = "UnitTests", "tests\UnitTests\UnitTests.csproj", "{CDF651F4-D143-430C-A4C2-8ADC6D5D2482}"
EndProject
Project("{9A19103F-16F7-4668-BE54-9A1E7A4F7556}") = "libBCL", "src\libBCL\libBCL.csproj", "{B9ED4660-AF43-4627-B481-3F046B6DBA33}"
EndProject
Project("{9A19103F-16F7-4668-BE54-9A1E7A4F7556}") = "DotNetInventory", "src\DotNetInventory\DotNetInventory.csproj", "{757B9DB2-6440-436C-BD6F-50F2EF3F2E94}"
EndProject
Project("{FAE04EC0-301F-11D3-BF4B-00C04F79EFBC}") = "GradientBrushCraft", "src\app\GradientBrushCraft.csproj", "{FD3F6E50-DFA0-4654-9A51-3712B315DB8B}"
EndProject
Global
	GlobalSection(SolutionConfigurationPlatforms) = preSolution
		Debug (DotNetInventory)|Any CPU = Debug (DotNetInventory)|Any CPU
		Debug|Any CPU = Debug|Any CPU
		Release (DotNetInventory)|Any CPU = Release (DotNetInventory)|Any CPU
		Release|Any CPU = Release|Any CPU
	EndGlobalSection
	GlobalSection(ProjectConfigurationPlatforms) = postSolution
		{CDF651F4-D143-430C-A4C2-8ADC6D5D2482}.Debug (DotNetInventory)|Any CPU.ActiveCfg = Debug|Any CPU
		{CDF651F4-D143-430C-A4C2-8ADC6D5D2482}.Debug|Any CPU.ActiveCfg = Debug|Any CPU
		{CDF651F4-D143-430C-A4C2-8ADC6D5D2482}.Debug|Any CPU.Build.0 = Debug|Any CPU
		{CDF651F4-D143-430C-A4C2-8ADC6D5D2482}.Release (DotNetInventory)|Any CPU.ActiveCfg = Release|Any CPU
		{CDF651F4-D143-430C-A4C2-8ADC6D5D2482}.Release|Any CPU.ActiveCfg = Release|Any CPU
		{CDF651F4-D143-430C-A4C2-8ADC6D5D2482}.Release|Any CPU.Build.0 = Release|Any CPU
		{B9ED4660-AF43-4627-B481-3F046B6DBA33}.Debug (DotNetInventory)|Any CPU.ActiveCfg = Debug-NoGUI|Any CPU
		{B9ED4660-AF43-4627-B481-3F046B6DBA33}.Debug (DotNetInventory)|Any CPU.Build.0 = Debug-NoGUI|Any CPU
		{B9ED4660-AF43-4627-B481-3F046B6DBA33}.Debug|Any CPU.ActiveCfg = Debug|Any CPU
		{B9ED4660-AF43-4627-B481-3F046B6DBA33}.Debug|Any CPU.Build.0 = Debug|Any CPU
		{B9ED4660-AF43-4627-B481-3F046B6DBA33}.Release (DotNetInventory)|Any CPU.ActiveCfg = Release-NoGUI|Any CPU
		{B9ED4660-AF43-4627-B481-3F046B6DBA33}.Release (DotNetInventory)|Any CPU.Build.0 = Release-NoGUI|Any CPU
		{B9ED4660-AF43-4627-B481-3F046B6DBA33}.Release|Any CPU.ActiveCfg = Release|Any CPU
		{B9ED4660-AF43-4627-B481-3F046B6DBA33}.Release|Any CPU.Build.0 = Release|Any CPU
		{757B9DB2-6440-436C-BD6F-50F2EF3F2E94}.Debug (DotNetInventory)|Any CPU.ActiveCfg = Debug|Any CPU
		{757B9DB2-6440-436C-BD6F-50F2EF3F2E94}.Debug (DotNetInventory)|Any CPU.Build.0 = Debug|Any CPU
		{757B9DB2-6440-436C-BD6F-50F2EF3F2E94}.Debug|Any CPU.ActiveCfg = Debug|Any CPU
		{757B9DB2-6440-436C-BD6F-50F2EF3F2E94}.Release (DotNetInventory)|Any CPU.ActiveCfg = Release|Any CPU
		{757B9DB2-6440-436C-BD6F-50F2EF3F2E94}.Release (DotNetInventory)|Any CPU.Build.0 = Release|Any CPU
		{757B9DB2-6440-436C-BD6F-50F2EF3F2E94}.Release|Any CPU.ActiveCfg = Release|Any CPU
		{FD3F6E50-DFA0-4654-9A51-3712B315DB8B}.Debug (DotNetInventory)|Any CPU.ActiveCfg = Debug|Any CPU
		{FD3F6E50-DFA0-4654-9A51-3712B315DB8B}.Debug|Any CPU.ActiveCfg = Debug|Any CPU
		{FD3F6E50-DFA0-4654-9A51-3712B315DB8B}.Debug|Any CPU.Build.0 = Debug|Any CPU
		{FD3F6E50-DFA0-4654-9A51-3712B315DB8B}.Release (DotNetInventory)|Any CPU.ActiveCfg = Release|Any CPU
		{FD3F6E50-DFA0-4654-9A51-3712B315DB8B}.Release|Any CPU.ActiveCfg = Release|Any CPU
		{FD3F6E50-DFA0-4654-9A51-3712B315DB8B}.Release|Any CPU.Build.0 = Release|Any CPU
	EndGlobalSection
	GlobalSection(SolutionProperties) = preSolution
		HideSolutionNode = FALSE
	EndGlobalSection
	GlobalSection(ExtensibilityGlobals) = postSolution
		SolutionGuid = {1C200808-653A-4A13-9CBC-5A6F804E63B8}
	EndGlobalSection
EndGlobal
